
Microsoft Visual Studio Solution File, Format Version 12.00
# Visual Studio Version 17
VisualStudioVersion = 17.11.35327.3
MinimumVisualStudioVersion = 10.0.40219.1
Project("{9A19103F-16F7-4668-BE54-9A1E7A4F7556}") = "FPECS.ISTK.Service", "FPECS.ISTK.Service\FPECS.ISTK.Service.csproj", "{AE45EBA6-E7ED-4B12-B3F9-1BDC046195E9}"
EndProject
Project("{9A19103F-16F7-4668-BE54-9A1E7A4F7556}") = "FPECS.ISTK.Business", "FPECS.ISTK.BLL\FPECS.ISTK.Business.csproj", "{A0465DDB-C46D-44C1-A912-1B788416CB45}"
EndProject
Project("{9A19103F-16F7-4668-BE54-9A1E7A4F7556}") = "FPECS.ISTK.Database", "FPECS.ISTK.Database\FPECS.ISTK.Database.csproj", "{44F9EF66-15CE-4AE2-B5BE-0450E03F048D}"
EndProject
Project("{9A19103F-16F7-4668-BE54-9A1E7A4F7556}") = "FPECS.ISTK.UI", "FPECS.ISTK.UI\FPECS.ISTK.UI.csproj", "{312D8DD0-C166-4D42-A155-5BD45608F410}"
EndProject
Project("{2150E333-8FDC-42A3-9474-1A3956D46DE8}") = "client", "client", "{987BA355-1D3C-47EA-A154-DD8A621CBAA8}"
EndProject
Project("{2150E333-8FDC-42A3-9474-1A3956D46DE8}") = "server", "server", "{C04325A8-2BD6-4088-BEC4-22C38518506B}"
EndProject
Project("{9A19103F-16F7-4668-BE54-9A1E7A4F7556}") = "FPECS.ISTK.Shared", "FPECS.ISTK.Shared\FPECS.ISTK.Shared.csproj", "{87FEEBE1-7524-48CB-89F2-903A0CDEE35F}"
EndProject
Project("{2150E333-8FDC-42A3-9474-1A3956D46DE8}") = "Solution Items", "Solution Items", "{EEC1ED7D-3F88-47A5-BDEA-8A7CCB86435D}"
	ProjectSection(SolutionItems) = preProject
		.gitignore = .gitignore
		LICENSE = LICENSE
		README.md = README.md
	EndProjectSection
EndProject
Project("{FAE04EC0-301F-11D3-BF4B-00C04F79EFBC}") = "FPECS.ISTK.Tests", "FPECS.ISTK.Tests\FPECS.ISTK.Tests.csproj", "{71740986-7FE8-4F59-963F-F4CC825F96BA}"
EndProject
Global
	GlobalSection(SolutionConfigurationPlatforms) = preSolution
		Debug|Any CPU = Debug|Any CPU
		Release|Any CPU = Release|Any CPU
	EndGlobalSection
	GlobalSection(ProjectConfigurationPlatforms) = postSolution
		{AE45EBA6-E7ED-4B12-B3F9-1BDC046195E9}.Debug|Any CPU.ActiveCfg = Debug|Any CPU
		{AE45EBA6-E7ED-4B12-B3F9-1BDC046195E9}.Debug|Any CPU.Build.0 = Debug|Any CPU
		{AE45EBA6-E7ED-4B12-B3F9-1BDC046195E9}.Release|Any CPU.ActiveCfg = Release|Any CPU
		{AE45EBA6-E7ED-4B12-B3F9-1BDC046195E9}.Release|Any CPU.Build.0 = Release|Any CPU
		{A0465DDB-C46D-44C1-A912-1B788416CB45}.Debug|Any CPU.ActiveCfg = Debug|Any CPU
		{A0465DDB-C46D-44C1-A912-1B788416CB45}.Debug|Any CPU.Build.0 = Debug|Any CPU
		{A0465DDB-C46D-44C1-A912-1B788416CB45}.Release|Any CPU.ActiveCfg = Release|Any CPU
		{A0465DDB-C46D-44C1-A912-1B788416CB45}.Release|Any CPU.Build.0 = Release|Any CPU
		{44F9EF66-15CE-4AE2-B5BE-0450E03F048D}.Debug|Any CPU.ActiveCfg = Debug|Any CPU
		{44F9EF66-15CE-4AE2-B5BE-0450E03F048D}.Debug|Any CPU.Build.0 = Debug|Any CPU
		{44F9EF66-15CE-4AE2-B5BE-0450E03F048D}.Release|Any CPU.ActiveCfg = Release|Any CPU
		{44F9EF66-15CE-4AE2-B5BE-0450E03F048D}.Release|Any CPU.Build.0 = Release|Any CPU
		{312D8DD0-C166-4D42-A155-5BD45608F410}.Debug|Any CPU.ActiveCfg = Debug|Any CPU
		{312D8DD0-C166-4D42-A155-5BD45608F410}.Debug|Any CPU.Build.0 = Debug|Any CPU
		{312D8DD0-C166-4D42-A155-5BD45608F410}.Release|Any CPU.ActiveCfg = Release|Any CPU
		{312D8DD0-C166-4D42-A155-5BD45608F410}.Release|Any CPU.Build.0 = Release|Any CPU
		{87FEEBE1-7524-48CB-89F2-903A0CDEE35F}.Debug|Any CPU.ActiveCfg = Debug|Any CPU
		{87FEEBE1-7524-48CB-89F2-903A0CDEE35F}.Debug|Any CPU.Build.0 = Debug|Any CPU
		{87FEEBE1-7524-48CB-89F2-903A0CDEE35F}.Release|Any CPU.ActiveCfg = Release|Any CPU
		{87FEEBE1-7524-48CB-89F2-903A0CDEE35F}.Release|Any CPU.Build.0 = Release|Any CPU
		{71740986-7FE8-4F59-963F-F4CC825F96BA}.Debug|Any CPU.ActiveCfg = Debug|Any CPU
		{71740986-7FE8-4F59-963F-F4CC825F96BA}.Debug|Any CPU.Build.0 = Debug|Any CPU
		{71740986-7FE8-4F59-963F-F4CC825F96BA}.Release|Any CPU.ActiveCfg = Release|Any CPU
		{71740986-7FE8-4F59-963F-F4CC825F96BA}.Release|Any CPU.Build.0 = Release|Any CPU
	EndGlobalSection
	GlobalSection(SolutionProperties) = preSolution
		HideSolutionNode = FALSE
	EndGlobalSection
	GlobalSection(NestedProjects) = preSolution
		{AE45EBA6-E7ED-4B12-B3F9-1BDC046195E9} = {C04325A8-2BD6-4088-BEC4-22C38518506B}
		{A0465DDB-C46D-44C1-A912-1B788416CB45} = {C04325A8-2BD6-4088-BEC4-22C38518506B}
		{44F9EF66-15CE-4AE2-B5BE-0450E03F048D} = {C04325A8-2BD6-4088-BEC4-22C38518506B}
		{312D8DD0-C166-4D42-A155-5BD45608F410} = {987BA355-1D3C-47EA-A154-DD8A621CBAA8}
		{71740986-7FE8-4F59-963F-F4CC825F96BA} = {C04325A8-2BD6-4088-BEC4-22C38518506B}
	EndGlobalSection
	GlobalSection(ExtensibilityGlobals) = postSolution
		SolutionGuid = {B296E29B-ED98-4EB2-A90B-670DE75CCB1A}
	EndGlobalSection
EndGlobal
